{
    "_readme": [
        "This file locks the dependencies of your project to a known state",
        "Read more about it at https://getcomposer.org/doc/01-basic-usage.md#installing-dependencies",
        "This file is @generated automatically"
    ],
    "content-hash": "4f83d78b7090b048174784caf39e3a15",
    "packages": [
        {
            "name": "wpfactory/wpfactory-promoting-notice",
            "version": "v1.0.2",
            "source": {
                "type": "git",
                "url": "https://github.com/wpcodefactory/wpfactory-promoting-notice.git",
                "reference": "7d2687bc89b7a39b9735e8c5c4ce179f2c0cd9e7"
            },
            "dist": {
                "type": "zip",
                "url": "https://api.github.com/repos/wpcodefactory/wpfactory-promoting-notice/zipball/7d2687bc89b7a39b9735e8c5c4ce179f2c0cd9e7",
                "reference": "7d2687bc89b7a39b9735e8c5c4ce179f2c0cd9e7",
                "shasum": ""
            },
            "type": "library",
            "autoload": {
                "classmap": [
                    "src/php/"
                ],
                "files": [
                    "src/php/functions.php"
                ]
            },
            "support": {
                "source": "https://github.com/wpcodefactory/wpfactory-promoting-notice/tree/v1.0.2",
                "issues": "https://github.com/wpcodefactory/wpfactory-promoting-notice/issues"
            },
            "time": "2021-05-31T23:22:14+00:00"
        }
    ],
    "packages-dev": [],
    "aliases": [],
    "minimum-stability": "stable",
    "stability-flags": [],
    "prefer-stable": false,
    "prefer-lowest": false,
    "platform": [],
    "platform-dev": [],
    "plugin-api-version": "2.0.0"
}
