{
    "_readme": [
        "This file locks the dependencies of your project to a known state",
        "Read more about it at https://getcomposer.org/doc/01-basic-usage.md#installing-dependencies",
        "This file is @generated automatically"
    ],
    "content-hash": "7ccf04d9bd34a9738ed2c24293b51278",
    "packages": [
        {
            "name": "wpfactory/wpf-promoting-notice",
            "version": "dev-master",
            "source": {
                "type": "git",
                "url": "https://github.com/wpcodefactory/wpf-promoting-notice.git",
                "reference": "0f02e350cc96bbb50085998ebdaaaea87cdf5ea5"
            },
            "dist": {
                "type": "zip",
                "url": "https://api.github.com/repos/wpcodefactory/wpf-promoting-notice/zipball/0f02e350cc96bbb50085998ebdaaaea87cdf5ea5",
                "reference": "0f02e350cc96bbb50085998ebdaaaea87cdf5ea5",
                "shasum": ""
            },
            "default-branch": true,
            "type": "library",
            "autoload": {
                "classmap": [
                    "src/php/"
                ],
                "files": [
                    "src/php/functions.php"
                ]
            },
            "support": {
                "source": "https://github.com/wpcodefactory/wpf-promoting-notice/tree/master",
                "issues": "https://github.com/wpcodefactory/wpf-promoting-notice/issues"
            },
            "time": "2021-05-26T18:43:46+00:00"
        }
    ],
    "packages-dev": [],
    "aliases": [],
    "minimum-stability": "stable",
    "stability-flags": {
        "wpfactory/wpf-promoting-notice": 20
    },
    "prefer-stable": false,
    "prefer-lowest": false,
    "platform": {
        "php": ">=5.3.2"
    },
    "platform-dev": [],
    "plugin-api-version": "2.0.0"
}
